
Microsoft Visual Studio Solution File, Format Version 12.00
# Visual Studio 15
VisualStudioVersion = 15.0.28307.1913
MinimumVisualStudioVersion = 10.0.40219.1
Project("{FAE04EC0-301F-11D3-BF4B-00C04F79EFBC}") = "KUET_SGIPC", "KUET_SGIPC\KUET_SGIPC.csproj", "{403D3670-3C07-4EC6-BA72-2E64A6C10EDC}"
EndProject
Global
	GlobalSection(SolutionConfigurationPlatforms) = preSolution
		Debug|Any CPU = Debug|Any CPU
		Release|Any CPU = Release|Any CPU
	EndGlobalSection
	GlobalSection(ProjectConfigurationPlatforms) = postSolution
		{403D3670-3C07-4EC6-BA72-2E64A6C10EDC}.Debug|Any CPU.ActiveCfg = Debug|Any CPU
		{403D3670-3C07-4EC6-BA72-2E64A6C10EDC}.Debug|Any CPU.Build.0 = Debug|Any CPU
		{403D3670-3C07-4EC6-BA72-2E64A6C10EDC}.Release|Any CPU.ActiveCfg = Release|Any CPU
		{403D3670-3C07-4EC6-BA72-2E64A6C10EDC}.Release|Any CPU.Build.0 = Release|Any CPU
	EndGlobalSection
	GlobalSection(SolutionProperties) = preSolution
		HideSolutionNode = FALSE
	EndGlobalSection
	GlobalSection(ExtensibilityGlobals) = postSolution
		SolutionGuid = {CB5ED18B-21A2-4540-AE5D-DB8FA60D1ECC}
	EndGlobalSection
EndGlobal
